
Microsoft Visual Studio Solution File, Format Version 12.00
# Visual Studio Version 17
VisualStudioVersion = 17.5.33530.505
MinimumVisualStudioVersion = 10.0.40219.1
Project("{FAE04EC0-301F-11D3-BF4B-00C04F79EFBC}") = "SemesterProjekt", "SemesterProjekt\SemesterProjekt.csproj", "{74AB455B-4D4B-4ED5-A5C2-5C127E37741B}"
EndProject
Project("{FAE04EC0-301F-11D3-BF4B-00C04F79EFBC}") = "AICustomer", "AICustomer\AICustomer.csproj", "{2A8110B6-BE4C-482E-95FC-8A89774F3E69}"
EndProject
Global
	GlobalSection(SolutionConfigurationPlatforms) = preSolution
		Debug|Any CPU = Debug|Any CPU
		Release|Any CPU = Release|Any CPU
	EndGlobalSection
	GlobalSection(ProjectConfigurationPlatforms) = postSolution
		{74AB455B-4D4B-4ED5-A5C2-5C127E37741B}.Debug|Any CPU.ActiveCfg = Debug|Any CPU
		{74AB455B-4D4B-4ED5-A5C2-5C127E37741B}.Debug|Any CPU.Build.0 = Debug|Any CPU
		{74AB455B-4D4B-4ED5-A5C2-5C127E37741B}.Release|Any CPU.ActiveCfg = Release|Any CPU
		{74AB455B-4D4B-4ED5-A5C2-5C127E37741B}.Release|Any CPU.Build.0 = Release|Any CPU
		{2A8110B6-BE4C-482E-95FC-8A89774F3E69}.Debug|Any CPU.ActiveCfg = Debug|Any CPU
		{2A8110B6-BE4C-482E-95FC-8A89774F3E69}.Debug|Any CPU.Build.0 = Debug|Any CPU
		{2A8110B6-BE4C-482E-95FC-8A89774F3E69}.Release|Any CPU.ActiveCfg = Release|Any CPU
		{2A8110B6-BE4C-482E-95FC-8A89774F3E69}.Release|Any CPU.Build.0 = Release|Any CPU
	EndGlobalSection
	GlobalSection(SolutionProperties) = preSolution
		HideSolutionNode = FALSE
	EndGlobalSection
	GlobalSection(ExtensibilityGlobals) = postSolution
		SolutionGuid = {A3CC31D8-DF45-4613-8272-19794D8E97C2}
	EndGlobalSection
EndGlobal
