
Microsoft Visual Studio Solution File, Format Version 12.00
# Visual Studio Version 17
VisualStudioVersion = 17.4.33213.308
MinimumVisualStudioVersion = 10.0.40219.1
Project("{FAE04EC0-301F-11D3-BF4B-00C04F79EFBC}") = "ConsoleApp1", "ConsoleApp1\ConsoleApp1.csproj", "{97FEDECC-E3BD-402B-BE67-C9C8D184B258}"
EndProject
Global
	GlobalSection(SolutionConfigurationPlatforms) = preSolution
		Debug|Any CPU = Debug|Any CPU
		Release|Any CPU = Release|Any CPU
	EndGlobalSection
	GlobalSection(ProjectConfigurationPlatforms) = postSolution
		{97FEDECC-E3BD-402B-BE67-C9C8D184B258}.Debug|Any CPU.ActiveCfg = Debug|Any CPU
		{97FEDECC-E3BD-402B-BE67-C9C8D184B258}.Debug|Any CPU.Build.0 = Debug|Any CPU
		{97FEDECC-E3BD-402B-BE67-C9C8D184B258}.Release|Any CPU.ActiveCfg = Release|Any CPU
		{97FEDECC-E3BD-402B-BE67-C9C8D184B258}.Release|Any CPU.Build.0 = Release|Any CPU
	EndGlobalSection
	GlobalSection(SolutionProperties) = preSolution
		HideSolutionNode = FALSE
	EndGlobalSection
	GlobalSection(ExtensibilityGlobals) = postSolution
		SolutionGuid = {EF1267A0-8747-4313-9D53-50C0B6534506}
	EndGlobalSection
EndGlobal
